
Microsoft Visual Studio Solution File, Format Version 12.00
# Visual Studio 15
VisualStudioVersion = 15.0.28307.572
MinimumVisualStudioVersion = 10.0.40219.1
Project("{FAE04EC0-301F-11D3-BF4B-00C04F79EFBC}") = "bmp creation", "bmp creation\bmp creation.csproj", "{AA62A716-F9F7-42DE-8746-6BA13FAD0FFE}"
EndProject
Global
	GlobalSection(SolutionConfigurationPlatforms) = preSolution
		Debug|Any CPU = Debug|Any CPU
		Release|Any CPU = Release|Any CPU
	EndGlobalSection
	GlobalSection(ProjectConfigurationPlatforms) = postSolution
		{AA62A716-F9F7-42DE-8746-6BA13FAD0FFE}.Debug|Any CPU.ActiveCfg = Debug|Any CPU
		{AA62A716-F9F7-42DE-8746-6BA13FAD0FFE}.Debug|Any CPU.Build.0 = Debug|Any CPU
		{AA62A716-F9F7-42DE-8746-6BA13FAD0FFE}.Release|Any CPU.ActiveCfg = Release|Any CPU
		{AA62A716-F9F7-42DE-8746-6BA13FAD0FFE}.Release|Any CPU.Build.0 = Release|Any CPU
	EndGlobalSection
	GlobalSection(SolutionProperties) = preSolution
		HideSolutionNode = FALSE
	EndGlobalSection
	GlobalSection(ExtensibilityGlobals) = postSolution
		SolutionGuid = {EC539A4E-FAC9-49DE-887E-0556CC22E074}
	EndGlobalSection
EndGlobal
